
Microsoft Visual Studio Solution File, Format Version 12.00
# Visual Studio Version 17
VisualStudioVersion = 17.5.002.0
MinimumVisualStudioVersion = 10.0.40219.1
Project("{9A19103F-16F7-4668-BE54-9A1E7A4F7556}") = "Contacts", "Contacts.csproj", "{E4803EB8-A78F-4C8B-A7CE-9F924CFAB505}"
EndProject
Global
	GlobalSection(SolutionConfigurationPlatforms) = preSolution
		Debug|Any CPU = Debug|Any CPU
		Release|Any CPU = Release|Any CPU
	EndGlobalSection
	GlobalSection(ProjectConfigurationPlatforms) = postSolution
		{E4803EB8-A78F-4C8B-A7CE-9F924CFAB505}.Debug|Any CPU.ActiveCfg = Debug|Any CPU
		{E4803EB8-A78F-4C8B-A7CE-9F924CFAB505}.Debug|Any CPU.Build.0 = Debug|Any CPU
		{E4803EB8-A78F-4C8B-A7CE-9F924CFAB505}.Release|Any CPU.ActiveCfg = Release|Any CPU
		{E4803EB8-A78F-4C8B-A7CE-9F924CFAB505}.Release|Any CPU.Build.0 = Release|Any CPU
	EndGlobalSection
	GlobalSection(SolutionProperties) = preSolution
		HideSolutionNode = FALSE
	EndGlobalSection
	GlobalSection(ExtensibilityGlobals) = postSolution
		SolutionGuid = {5C52A82B-024D-47D1-9C05-BE3D56FE1B40}
	EndGlobalSection
EndGlobal
